
Microsoft Visual Studio Solution File, Format Version 12.00
# Visual Studio Version 17
VisualStudioVersion = 17.12.35707.178
MinimumVisualStudioVersion = 10.0.40219.1
Project("{FAE04EC0-301F-11D3-BF4B-00C04F79EFBC}") = "EsimeneProjekt", "EsimeneProjekt\EsimeneProjekt.csproj", "{A0EA99DA-3CF6-4D0C-8B42-685C2D69E43E}"
EndProject
Project("{FAE04EC0-301F-11D3-BF4B-00C04F79EFBC}") = "Week2-Sugu", "Week2\Week2-Sugu.csproj", "{6181F8AA-D364-45CA-BEB2-60971BB60C6F}"
EndProject
Project("{FAE04EC0-301F-11D3-BF4B-00C04F79EFBC}") = "Week2-Vanus", "Week2-Vanus\Week2-Vanus.csproj", "{D7C9CAD7-99E9-4A7F-B5B0-C8A7F74C06CD}"
EndProject
Project("{FAE04EC0-301F-11D3-BF4B-00C04F79EFBC}") = "Week3-If_And_Switch", "Week3-If_And_Switch\Week3-If_And_Switch.csproj", "{1BD2971D-A9FB-4C36-AE0D-A8170F82932A}"
EndProject
Project("{FAE04EC0-301F-11D3-BF4B-00C04F79EFBC}") = "Week3-Odd_Or_Even", "Week3-Odd_Or_Even\Week3-Odd_Or_Even.csproj", "{D6A32CE9-E76D-4687-805F-C61409A3E3CC}"
EndProject
Project("{FAE04EC0-301F-11D3-BF4B-00C04F79EFBC}") = "Week3-IfDayOfTheWeek", "Week3-IfDayOfTheWeek\Week3-IfDayOfTheWeek.csproj", "{B8EA459A-B333-400F-BA4B-FA63408E7F7C}"
EndProject
Project("{FAE04EC0-301F-11D3-BF4B-00C04F79EFBC}") = "Week3-SwitchDayOfTheWeek", "Week3-SwitchDayOfTheWeek\Week3-SwitchDayOfTheWeek.csproj", "{F3577425-E349-4931-A982-79B7439B7B21}"
EndProject
Project("{FAE04EC0-301F-11D3-BF4B-00C04F79EFBC}") = "Test", "Test\Test.csproj", "{53D1860A-FE46-4E92-9336-6A2D9D62DF01}"
EndProject
Project("{FAE04EC0-301F-11D3-BF4B-00C04F79EFBC}") = "Week4-Loops", "Week4-Loops\Week4-Loops.csproj", "{A6CBA062-26FD-4B02-975E-712F4F4F8FD1}"
EndProject
Global
	GlobalSection(SolutionConfigurationPlatforms) = preSolution
		Debug|Any CPU = Debug|Any CPU
		Release|Any CPU = Release|Any CPU
	EndGlobalSection
	GlobalSection(ProjectConfigurationPlatforms) = postSolution
		{A0EA99DA-3CF6-4D0C-8B42-685C2D69E43E}.Debug|Any CPU.ActiveCfg = Debug|Any CPU
		{A0EA99DA-3CF6-4D0C-8B42-685C2D69E43E}.Debug|Any CPU.Build.0 = Debug|Any CPU
		{A0EA99DA-3CF6-4D0C-8B42-685C2D69E43E}.Release|Any CPU.ActiveCfg = Release|Any CPU
		{A0EA99DA-3CF6-4D0C-8B42-685C2D69E43E}.Release|Any CPU.Build.0 = Release|Any CPU
		{6181F8AA-D364-45CA-BEB2-60971BB60C6F}.Debug|Any CPU.ActiveCfg = Debug|Any CPU
		{6181F8AA-D364-45CA-BEB2-60971BB60C6F}.Debug|Any CPU.Build.0 = Debug|Any CPU
		{6181F8AA-D364-45CA-BEB2-60971BB60C6F}.Release|Any CPU.ActiveCfg = Release|Any CPU
		{6181F8AA-D364-45CA-BEB2-60971BB60C6F}.Release|Any CPU.Build.0 = Release|Any CPU
		{D7C9CAD7-99E9-4A7F-B5B0-C8A7F74C06CD}.Debug|Any CPU.ActiveCfg = Debug|Any CPU
		{D7C9CAD7-99E9-4A7F-B5B0-C8A7F74C06CD}.Debug|Any CPU.Build.0 = Debug|Any CPU
		{D7C9CAD7-99E9-4A7F-B5B0-C8A7F74C06CD}.Release|Any CPU.ActiveCfg = Release|Any CPU
		{D7C9CAD7-99E9-4A7F-B5B0-C8A7F74C06CD}.Release|Any CPU.Build.0 = Release|Any CPU
		{1BD2971D-A9FB-4C36-AE0D-A8170F82932A}.Debug|Any CPU.ActiveCfg = Debug|Any CPU
		{1BD2971D-A9FB-4C36-AE0D-A8170F82932A}.Debug|Any CPU.Build.0 = Debug|Any CPU
		{1BD2971D-A9FB-4C36-AE0D-A8170F82932A}.Release|Any CPU.ActiveCfg = Release|Any CPU
		{1BD2971D-A9FB-4C36-AE0D-A8170F82932A}.Release|Any CPU.Build.0 = Release|Any CPU
		{D6A32CE9-E76D-4687-805F-C61409A3E3CC}.Debug|Any CPU.ActiveCfg = Debug|Any CPU
		{D6A32CE9-E76D-4687-805F-C61409A3E3CC}.Debug|Any CPU.Build.0 = Debug|Any CPU
		{D6A32CE9-E76D-4687-805F-C61409A3E3CC}.Release|Any CPU.ActiveCfg = Release|Any CPU
		{D6A32CE9-E76D-4687-805F-C61409A3E3CC}.Release|Any CPU.Build.0 = Release|Any CPU
		{B8EA459A-B333-400F-BA4B-FA63408E7F7C}.Debug|Any CPU.ActiveCfg = Debug|Any CPU
		{B8EA459A-B333-400F-BA4B-FA63408E7F7C}.Debug|Any CPU.Build.0 = Debug|Any CPU
		{B8EA459A-B333-400F-BA4B-FA63408E7F7C}.Release|Any CPU.ActiveCfg = Release|Any CPU
		{B8EA459A-B333-400F-BA4B-FA63408E7F7C}.Release|Any CPU.Build.0 = Release|Any CPU
		{F3577425-E349-4931-A982-79B7439B7B21}.Debug|Any CPU.ActiveCfg = Debug|Any CPU
		{F3577425-E349-4931-A982-79B7439B7B21}.Debug|Any CPU.Build.0 = Debug|Any CPU
		{F3577425-E349-4931-A982-79B7439B7B21}.Release|Any CPU.ActiveCfg = Release|Any CPU
		{F3577425-E349-4931-A982-79B7439B7B21}.Release|Any CPU.Build.0 = Release|Any CPU
		{53D1860A-FE46-4E92-9336-6A2D9D62DF01}.Debug|Any CPU.ActiveCfg = Debug|Any CPU
		{53D1860A-FE46-4E92-9336-6A2D9D62DF01}.Debug|Any CPU.Build.0 = Debug|Any CPU
		{53D1860A-FE46-4E92-9336-6A2D9D62DF01}.Release|Any CPU.ActiveCfg = Release|Any CPU
		{53D1860A-FE46-4E92-9336-6A2D9D62DF01}.Release|Any CPU.Build.0 = Release|Any CPU
		{A6CBA062-26FD-4B02-975E-712F4F4F8FD1}.Debug|Any CPU.ActiveCfg = Debug|Any CPU
		{A6CBA062-26FD-4B02-975E-712F4F4F8FD1}.Debug|Any CPU.Build.0 = Debug|Any CPU
		{A6CBA062-26FD-4B02-975E-712F4F4F8FD1}.Release|Any CPU.ActiveCfg = Release|Any CPU
		{A6CBA062-26FD-4B02-975E-712F4F4F8FD1}.Release|Any CPU.Build.0 = Release|Any CPU
	EndGlobalSection
	GlobalSection(SolutionProperties) = preSolution
		HideSolutionNode = FALSE
	EndGlobalSection
EndGlobal
